// !$*UTF8*$!
{
	archiveVersion = 1;
	classes = {
	};
	objectVersion = 51;
	objects = {

/* Begin PBXBuildFile section */
		62ECD86466CD41E268D9C03F /* Pods_KaraokeBarUITests.framework in Frameworks */ = {isa = PBXBuildFile; fileRef = 063B48E565F24361071E437C /* Pods_KaraokeBarUITests.framework */; };
		67C4B9626A68DC707BEFB259 /* Pods_KaraokeBar.framework in Frameworks */ = {isa = PBXBuildFile; fileRef = 0D7F7FB6DD71F03B6D874ABE /* Pods_KaraokeBar.framework */; };
		834C373E22F12770002137E7 /* GoogleService-Info.plist in Resources */ = {isa = PBXBuildFile; fileRef = 834C373D22F12770002137E7 /* GoogleService-Info.plist */; };
		834C374022F1290D002137E7 /* MenuStoryboard.storyboard in Resources */ = {isa = PBXBuildFile; fileRef = 834C373F22F1290D002137E7 /* MenuStoryboard.storyboard */; };
		834CA3E422EFB2B200419A3D /* AppDelegate.swift in Sources */ = {isa = PBXBuildFile; fileRef = 834CA3E322EFB2B200419A3D /* AppDelegate.swift */; };
		834CA3EA22EFB2C000419A3D /* Assets.xcassets in Resources */ = {isa = PBXBuildFile; fileRef = 834CA3E922EFB2C000419A3D /* Assets.xcassets */; };
		834CA3ED22EFB2C000419A3D /* Preview Assets.xcassets in Resources */ = {isa = PBXBuildFile; fileRef = 834CA3EC22EFB2C000419A3D /* Preview Assets.xcassets */; };
		834CA3F022EFB2C000419A3D /* LaunchScreen.storyboard in Resources */ = {isa = PBXBuildFile; fileRef = 834CA3EE22EFB2C000419A3D /* LaunchScreen.storyboard */; };
		83C0C71922F60418007A6555 /* TelaPrincipalViewController.swift in Sources */ = {isa = PBXBuildFile; fileRef = 83C0C71822F60418007A6555 /* TelaPrincipalViewController.swift */; };
		83C0C71B22F60418007A6555 /* TelaPrincipalViewController.swift in Sources */ = {isa = PBXBuildFile; fileRef = 83C0C71822F60418007A6555 /* TelaPrincipalViewController.swift */; };
		83E9C53122F1361C006F46F9 /* font in Resources */ = {isa = PBXBuildFile; fileRef = 83E9C53022F1361C006F46F9 /* font */; };
		83E9C53522F3E56E006F46F9 /* ViewController.swift in Sources */ = {isa = PBXBuildFile; fileRef = 83E9C53422F3E56E006F46F9 /* ViewController.swift */; };
		83E9C53722F3E6C2006F46F9 /* DesignableTextField.swift in Sources */ = {isa = PBXBuildFile; fileRef = 83E9C53622F3E6C2006F46F9 /* DesignableTextField.swift */; };
/* End PBXBuildFile section */

/* Begin PBXContainerItemProxy section */
		834CA40222EFB2C100419A3D /* PBXContainerItemProxy */ = {
			isa = PBXContainerItemProxy;
			containerPortal = 834CA3D822EFB2B200419A3D /* Project object */;
			proxyType = 1;
			remoteGlobalIDString = 834CA3DF22EFB2B200419A3D;
			remoteInfo = KaraokeBar;
		};
/* End PBXContainerItemProxy section */

/* Begin PBXFileReference section */
		057EC16CF3446C4766F3F8EF /* Pods-KaraokeBarUITests.debug.xcconfig */ = {isa = PBXFileReference; includeInIndex = 1; lastKnownFileType = text.xcconfig; name = "Pods-KaraokeBarUITests.debug.xcconfig"; path = "Target Support Files/Pods-KaraokeBarUITests/Pods-KaraokeBarUITests.debug.xcconfig"; sourceTree = "<group>"; };
		063B48E565F24361071E437C /* Pods_KaraokeBarUITests.framework */ = {isa = PBXFileReference; explicitFileType = wrapper.framework; includeInIndex = 0; path = Pods_KaraokeBarUITests.framework; sourceTree = BUILT_PRODUCTS_DIR; };
		07039110DE268B8F2ADFA9D1 /* Pods-KaraokeBar.release.xcconfig */ = {isa = PBXFileReference; includeInIndex = 1; lastKnownFileType = text.xcconfig; name = "Pods-KaraokeBar.release.xcconfig"; path = "Target Support Files/Pods-KaraokeBar/Pods-KaraokeBar.release.xcconfig"; sourceTree = "<group>"; };
		0D7F7FB6DD71F03B6D874ABE /* Pods_KaraokeBar.framework */ = {isa = PBXFileReference; explicitFileType = wrapper.framework; includeInIndex = 0; path = Pods_KaraokeBar.framework; sourceTree = BUILT_PRODUCTS_DIR; };
		10C7A4DBAD9C3BD718F128BD /* Pods-KaraokeBarTests.debug.xcconfig */ = {isa = PBXFileReference; includeInIndex = 1; lastKnownFileType = text.xcconfig; name = "Pods-KaraokeBarTests.debug.xcconfig"; path = "Target Support Files/Pods-KaraokeBarTests/Pods-KaraokeBarTests.debug.xcconfig"; sourceTree = "<group>"; };
		5421ED2A7078982F1CAC201F /* Pods-KaraokeBar.debug.xcconfig */ = {isa = PBXFileReference; includeInIndex = 1; lastKnownFileType = text.xcconfig; name = "Pods-KaraokeBar.debug.xcconfig"; path = "Target Support Files/Pods-KaraokeBar/Pods-KaraokeBar.debug.xcconfig"; sourceTree = "<group>"; };
		6A2E580ED336E80F58741427 /* Pods-KaraokeBarTests.release.xcconfig */ = {isa = PBXFileReference; includeInIndex = 1; lastKnownFileType = text.xcconfig; name = "Pods-KaraokeBarTests.release.xcconfig"; path = "Target Support Files/Pods-KaraokeBarTests/Pods-KaraokeBarTests.release.xcconfig"; sourceTree = "<group>"; };
		79E37D927EAF0C88EA1E7D74 /* Pods-KaraokeBarUITests.release.xcconfig */ = {isa = PBXFileReference; includeInIndex = 1; lastKnownFileType = text.xcconfig; name = "Pods-KaraokeBarUITests.release.xcconfig"; path = "Target Support Files/Pods-KaraokeBarUITests/Pods-KaraokeBarUITests.release.xcconfig"; sourceTree = "<group>"; };
		834C373D22F12770002137E7 /* GoogleService-Info.plist */ = {isa = PBXFileReference; fileEncoding = 4; lastKnownFileType = text.plist.xml; name = "GoogleService-Info.plist"; path = "../../../../../../../GoogleService-Info.plist"; sourceTree = "<group>"; };
		834C373F22F1290D002137E7 /* MenuStoryboard.storyboard */ = {isa = PBXFileReference; lastKnownFileType = file.storyboard; name = MenuStoryboard.storyboard; path = KaraokeBar/MenuStoryboard.storyboard; sourceTree = SOURCE_ROOT; };
		834CA3E022EFB2B200419A3D /* KaraokeBar.app */ = {isa = PBXFileReference; explicitFileType = wrapper.application; includeInIndex = 0; path = KaraokeBar.app; sourceTree = BUILT_PRODUCTS_DIR; };
		834CA3E322EFB2B200419A3D /* AppDelegate.swift */ = {isa = PBXFileReference; lastKnownFileType = sourcecode.swift; path = AppDelegate.swift; sourceTree = "<group>"; };
		834CA3E922EFB2C000419A3D /* Assets.xcassets */ = {isa = PBXFileReference; lastKnownFileType = folder.assetcatalog; path = Assets.xcassets; sourceTree = "<group>"; };
		834CA3EC22EFB2C000419A3D /* Preview Assets.xcassets */ = {isa = PBXFileReference; lastKnownFileType = folder.assetcatalog; path = "Preview Assets.xcassets"; sourceTree = "<group>"; };
		834CA3EF22EFB2C000419A3D /* Base */ = {isa = PBXFileReference; lastKnownFileType = file.storyboard; name = Base; path = Base.lproj/LaunchScreen.storyboard; sourceTree = "<group>"; };
		834CA3F122EFB2C000419A3D /* Info.plist */ = {isa = PBXFileReference; lastKnownFileType = text.plist.xml; path = Info.plist; sourceTree = "<group>"; };
		834CA40122EFB2C100419A3D /* KaraokeBarUITests.xctest */ = {isa = PBXFileReference; explicitFileType = wrapper.cfbundle; includeInIndex = 0; path = KaraokeBarUITests.xctest; sourceTree = BUILT_PRODUCTS_DIR; };
		83C0C71822F60418007A6555 /* TelaPrincipalViewController.swift */ = {isa = PBXFileReference; lastKnownFileType = sourcecode.swift; name = TelaPrincipalViewController.swift; path = "../../../../../../../../System/Volumes/Data/Users/lucasreinaldo/Library/CloudStorage/iCloud Drive/Documents/ProjetosiOS/KaraokeBar/TelaPrincipalViewController.swift"; sourceTree = "<group>"; };
		83E9C53022F1361C006F46F9 /* font */ = {isa = PBXFileReference; lastKnownFileType = folder; name = font; path = ../../../../Desktop/font; sourceTree = "<group>"; };
		83E9C53422F3E56E006F46F9 /* ViewController.swift */ = {isa = PBXFileReference; lastKnownFileType = sourcecode.swift; name = ViewController.swift; path = "../../../../../../../../../System/Volumes/Data/Users/lucasreinaldo/Library/CloudStorage/iCloud Drive/Documents/ProjetosiOS/KaraokeBar/KaraokeBar/ViewController.swift"; sourceTree = "<group>"; };
		83E9C53622F3E6C2006F46F9 /* DesignableTextField.swift */ = {isa = PBXFileReference; lastKnownFileType = sourcecode.swift; name = DesignableTextField.swift; path = "../../../../../../../../../System/Volumes/Data/Users/lucasreinaldo/Library/CloudStorage/iCloud Drive/Documents/ProjetosiOS/KaraokeBar/KaraokeBar/DesignableTextField.swift"; sourceTree = "<group>"; };
		F125C7AB42DD49BA8EB4E124 /* Pods_KaraokeBarTests.framework */ = {isa = PBXFileReference; explicitFileType = wrapper.framework; includeInIndex = 0; path = Pods_KaraokeBarTests.framework; sourceTree = BUILT_PRODUCTS_DIR; };
/* End PBXFileReference section */

/* Begin PBXFrameworksBuildPhase section */
		834CA3DD22EFB2B200419A3D /* Frameworks */ = {
			isa = PBXFrameworksBuildPhase;
			buildActionMask = 2147483647;
			files = (
				67C4B9626A68DC707BEFB259 /* Pods_KaraokeBar.framework in Frameworks */,
			);
			runOnlyForDeploymentPostprocessing = 0;
		};
		834CA3FE22EFB2C100419A3D /* Frameworks */ = {
			isa = PBXFrameworksBuildPhase;
			buildActionMask = 2147483647;
			files = (
				62ECD86466CD41E268D9C03F /* Pods_KaraokeBarUITests.framework in Frameworks */,
			);
			runOnlyForDeploymentPostprocessing = 0;
		};
/* End PBXFrameworksBuildPhase section */

/* Begin PBXGroup section */
		179C83959DD5CDCB7AA11739 /* Pods */ = {
			isa = PBXGroup;
			children = (
				5421ED2A7078982F1CAC201F /* Pods-KaraokeBar.debug.xcconfig */,
				07039110DE268B8F2ADFA9D1 /* Pods-KaraokeBar.release.xcconfig */,
				10C7A4DBAD9C3BD718F128BD /* Pods-KaraokeBarTests.debug.xcconfig */,
				6A2E580ED336E80F58741427 /* Pods-KaraokeBarTests.release.xcconfig */,
				057EC16CF3446C4766F3F8EF /* Pods-KaraokeBarUITests.debug.xcconfig */,
				79E37D927EAF0C88EA1E7D74 /* Pods-KaraokeBarUITests.release.xcconfig */,
			);
			path = Pods;
			sourceTree = "<group>";
		};
		6704E2D96FBD0E35BDBAE8B2 /* Frameworks */ = {
			isa = PBXGroup;
			children = (
				0D7F7FB6DD71F03B6D874ABE /* Pods_KaraokeBar.framework */,
				F125C7AB42DD49BA8EB4E124 /* Pods_KaraokeBarTests.framework */,
				063B48E565F24361071E437C /* Pods_KaraokeBarUITests.framework */,
			);
			name = Frameworks;
			sourceTree = "<group>";
		};
		834CA3D722EFB2B100419A3D = {
			isa = PBXGroup;
			children = (
				83C0C71822F60418007A6555 /* TelaPrincipalViewController.swift */,
				834CA3E222EFB2B200419A3D /* KaraokeBar */,
				834CA3E122EFB2B200419A3D /* Products */,
				179C83959DD5CDCB7AA11739 /* Pods */,
				6704E2D96FBD0E35BDBAE8B2 /* Frameworks */,
			);
			sourceTree = "<group>";
			usesTabs = 0;
		};
		834CA3E122EFB2B200419A3D /* Products */ = {
			isa = PBXGroup;
			children = (
				834CA3E022EFB2B200419A3D /* KaraokeBar.app */,
				834CA40122EFB2C100419A3D /* KaraokeBarUITests.xctest */,
			);
			name = Products;
			sourceTree = "<group>";
		};
		834CA3E222EFB2B200419A3D /* KaraokeBar */ = {
			isa = PBXGroup;
			children = (
				83E9C53022F1361C006F46F9 /* font */,
				834CA3E322EFB2B200419A3D /* AppDelegate.swift */,
				834C373D22F12770002137E7 /* GoogleService-Info.plist */,
				834CA3E922EFB2C000419A3D /* Assets.xcassets */,
				834CA3EE22EFB2C000419A3D /* LaunchScreen.storyboard */,
				834C373F22F1290D002137E7 /* MenuStoryboard.storyboard */,
				834CA3F122EFB2C000419A3D /* Info.plist */,
				834CA3EB22EFB2C000419A3D /* Preview Content */,
				83E9C53422F3E56E006F46F9 /* ViewController.swift */,
				83E9C53622F3E6C2006F46F9 /* DesignableTextField.swift */,
			);
			path = KaraokeBar;
			sourceTree = "<group>";
		};
		834CA3EB22EFB2C000419A3D /* Preview Content */ = {
			isa = PBXGroup;
			children = (
				834CA3EC22EFB2C000419A3D /* Preview Assets.xcassets */,
			);
			path = "Preview Content";
			sourceTree = "<group>";
		};
/* End PBXGroup section */

/* Begin PBXNativeTarget section */
		834CA3DF22EFB2B200419A3D /* KaraokeBar */ = {
			isa = PBXNativeTarget;
			buildConfigurationList = 834CA40A22EFB2C100419A3D /* Build configuration list for PBXNativeTarget "KaraokeBar" */;
			buildPhases = (
				35992EAE9BF0B16E72968B21 /* [CP] Check Pods Manifest.lock */,
				834CA3DC22EFB2B200419A3D /* Sources */,
				834CA3DD22EFB2B200419A3D /* Frameworks */,
				834CA3DE22EFB2B200419A3D /* Resources */,
				09EE416130A8A570159E9905 /* [CP] Embed Pods Frameworks */,
			);
			buildRules = (
			);
			dependencies = (
			);
			name = KaraokeBar;
			productName = KaraokeBar;
			productReference = 834CA3E022EFB2B200419A3D /* KaraokeBar.app */;
			productType = "com.apple.product-type.application";
		};
		834CA40022EFB2C100419A3D /* KaraokeBarUITests */ = {
			isa = PBXNativeTarget;
			buildConfigurationList = 834CA41022EFB2C100419A3D /* Build configuration list for PBXNativeTarget "KaraokeBarUITests" */;
			buildPhases = (
				3E606AC21D8904617222D439 /* [CP] Check Pods Manifest.lock */,
				834CA3FD22EFB2C100419A3D /* Sources */,
				834CA3FE22EFB2C100419A3D /* Frameworks */,
				834CA3FF22EFB2C100419A3D /* Resources */,
			);
			buildRules = (
			);
			dependencies = (
				834CA40322EFB2C100419A3D /* PBXTargetDependency */,
			);
			name = KaraokeBarUITests;
			productName = KaraokeBarUITests;
			productReference = 834CA40122EFB2C100419A3D /* KaraokeBarUITests.xctest */;
			productType = "com.apple.product-type.bundle.ui-testing";
		};
/* End PBXNativeTarget section */

/* Begin PBXProject section */
		834CA3D822EFB2B200419A3D /* Project object */ = {
			isa = PBXProject;
			attributes = {
				LastSwiftUpdateCheck = 1100;
				LastUpgradeCheck = 1100;
				ORGANIZATIONNAME = "Lucas Reinaldo";
				TargetAttributes = {
					834CA3DF22EFB2B200419A3D = {
						CreatedOnToolsVersion = 11.0;
					};
					834CA40022EFB2C100419A3D = {
						CreatedOnToolsVersion = 11.0;
						TestTargetID = 834CA3DF22EFB2B200419A3D;
					};
				};
			};
			buildConfigurationList = 834CA3DB22EFB2B200419A3D /* Build configuration list for PBXProject "KaraokeBar" */;
			compatibilityVersion = "Xcode 9.3";
			developmentRegion = en;
			hasScannedForEncodings = 0;
			knownRegions = (
				en,
				Base,
			);
			mainGroup = 834CA3D722EFB2B100419A3D;
			productRefGroup = 834CA3E122EFB2B200419A3D /* Products */;
			projectDirPath = "";
			projectRoot = "";
			targets = (
				834CA3DF22EFB2B200419A3D /* KaraokeBar */,
				834CA40022EFB2C100419A3D /* KaraokeBarUITests */,
			);
		};
/* End PBXProject section */

/* Begin PBXResourcesBuildPhase section */
		834CA3DE22EFB2B200419A3D /* Resources */ = {
			isa = PBXResourcesBuildPhase;
			buildActionMask = 2147483647;
			files = (
				834CA3F022EFB2C000419A3D /* LaunchScreen.storyboard in Resources */,
				834C373E22F12770002137E7 /* GoogleService-Info.plist in Resources */,
				834C374022F1290D002137E7 /* MenuStoryboard.storyboard in Resources */,
				83E9C53122F1361C006F46F9 /* font in Resources */,
				834CA3ED22EFB2C000419A3D /* Preview Assets.xcassets in Resources */,
				834CA3EA22EFB2C000419A3D /* Assets.xcassets in Resources */,
			);
			runOnlyForDeploymentPostprocessing = 0;
		};
		834CA3FF22EFB2C100419A3D /* Resources */ = {
			isa = PBXResourcesBuildPhase;
			buildActionMask = 2147483647;
			files = (
			);
			runOnlyForDeploymentPostprocessing = 0;
		};
/* End PBXResourcesBuildPhase section */

/* Begin PBXShellScriptBuildPhase section */
		09EE416130A8A570159E9905 /* [CP] Embed Pods Frameworks */ = {
			isa = PBXShellScriptBuildPhase;
			buildActionMask = 2147483647;
			files = (
			);
			inputFileListPaths = (
				"${PODS_ROOT}/Target Support Files/Pods-KaraokeBar/Pods-KaraokeBar-frameworks-${CONFIGURATION}-input-files.xcfilelist",
			);
			name = "[CP] Embed Pods Frameworks";
			outputFileListPaths = (
				"${PODS_ROOT}/Target Support Files/Pods-KaraokeBar/Pods-KaraokeBar-frameworks-${CONFIGURATION}-output-files.xcfilelist",
			);
			runOnlyForDeploymentPostprocessing = 0;
			shellPath = /bin/sh;
			shellScript = "\"${PODS_ROOT}/Target Support Files/Pods-KaraokeBar/Pods-KaraokeBar-frameworks.sh\"\n";
			showEnvVarsInLog = 0;
		};
		35992EAE9BF0B16E72968B21 /* [CP] Check Pods Manifest.lock */ = {
			isa = PBXShellScriptBuildPhase;
			buildActionMask = 2147483647;
			files = (
			);
			inputFileListPaths = (
			);
			inputPaths = (
				"${PODS_PODFILE_DIR_PATH}/Podfile.lock",
				"${PODS_ROOT}/Manifest.lock",
			);
			name = "[CP] Check Pods Manifest.lock";
			outputFileListPaths = (
			);
			outputPaths = (
				"$(DERIVED_FILE_DIR)/Pods-KaraokeBar-checkManifestLockResult.txt",
			);
			runOnlyForDeploymentPostprocessing = 0;
			shellPath = /bin/sh;
			shellScript = "diff \"${PODS_PODFILE_DIR_PATH}/Podfile.lock\" \"${PODS_ROOT}/Manifest.lock\" > /dev/null\nif [ $? != 0 ] ; then\n    # print error to STDERR\n    echo \"error: The sandbox is not in sync with the Podfile.lock. Run 'pod install' or update your CocoaPods installation.\" >&2\n    exit 1\nfi\n# This output is used by Xcode 'outputs' to avoid re-running this script phase.\necho \"SUCCESS\" > \"${SCRIPT_OUTPUT_FILE_0}\"\n";
			showEnvVarsInLog = 0;
		};
		3E606AC21D8904617222D439 /* [CP] Check Pods Manifest.lock */ = {
			isa = PBXShellScriptBuildPhase;
			buildActionMask = 2147483647;
			files = (
			);
			inputFileListPaths = (
			);
			inputPaths = (
				"${PODS_PODFILE_DIR_PATH}/Podfile.lock",
				"${PODS_ROOT}/Manifest.lock",
			);
			name = "[CP] Check Pods Manifest.lock";
			outputFileListPaths = (
			);
			outputPaths = (
				"$(DERIVED_FILE_DIR)/Pods-KaraokeBarUITests-checkManifestLockResult.txt",
			);
			runOnlyForDeploymentPostprocessing = 0;
			shellPath = /bin/sh;
			shellScript = "diff \"${PODS_PODFILE_DIR_PATH}/Podfile.lock\" \"${PODS_ROOT}/Manifest.lock\" > /dev/null\nif [ $? != 0 ] ; then\n    # print error to STDERR\n    echo \"error: The sandbox is not in sync with the Podfile.lock. Run 'pod install' or update your CocoaPods installation.\" >&2\n    exit 1\nfi\n# This output is used by Xcode 'outputs' to avoid re-running this script phase.\necho \"SUCCESS\" > \"${SCRIPT_OUTPUT_FILE_0}\"\n";
			showEnvVarsInLog = 0;
		};
/* End PBXShellScriptBuildPhase section */

/* Begin PBXSourcesBuildPhase section */
		834CA3DC22EFB2B200419A3D /* Sources */ = {
			isa = PBXSourcesBuildPhase;
			buildActionMask = 2147483647;
			files = (
				83E9C53522F3E56E006F46F9 /* ViewController.swift in Sources */,
				83C0C71922F60418007A6555 /* TelaPrincipalViewController.swift in Sources */,
				83E9C53722F3E6C2006F46F9 /* DesignableTextField.swift in Sources */,
				834CA3E422EFB2B200419A3D /* AppDelegate.swift in Sources */,
			);
			runOnlyForDeploymentPostprocessing = 0;
		};
		834CA3FD22EFB2C100419A3D /* Sources */ = {
			isa = PBXSourcesBuildPhase;
			buildActionMask = 2147483647;
			files = (
				83C0C71B22F60418007A6555 /* TelaPrincipalViewController.swift in Sources */,
			);
			runOnlyForDeploymentPostprocessing = 0;
		};
/* End PBXSourcesBuildPhase section */

/* Begin PBXTargetDependency section */
		834CA40322EFB2C100419A3D /* PBXTargetDependency */ = {
			isa = PBXTargetDependency;
			target = 834CA3DF22EFB2B200419A3D /* KaraokeBar */;
			targetProxy = 834CA40222EFB2C100419A3D /* PBXContainerItemProxy */;
		};
/* End PBXTargetDependency section */

/* Begin PBXVariantGroup section */
		834CA3EE22EFB2C000419A3D /* LaunchScreen.storyboard */ = {
			isa = PBXVariantGroup;
			children = (
				834CA3EF22EFB2C000419A3D /* Base */,
			);
			name = LaunchScreen.storyboard;
			sourceTree = "<group>";
		};
/* End PBXVariantGroup section */

/* Begin XCBuildConfiguration section */
		834CA40822EFB2C100419A3D /* Debug */ = {
			isa = XCBuildConfiguration;
			buildSettings = {
				ALWAYS_SEARCH_USER_PATHS = NO;
				CLANG_ANALYZER_NONNULL = YES;
				CLANG_ANALYZER_NUMBER_OBJECT_CONVERSION = YES_AGGRESSIVE;
				CLANG_CXX_LANGUAGE_STANDARD = "gnu++14";
				CLANG_CXX_LIBRARY = "libc++";
				CLANG_ENABLE_MODULES = YES;
				CLANG_ENABLE_OBJC_ARC = YES;
				CLANG_ENABLE_OBJC_WEAK = YES;
				CLANG_WARN_BLOCK_CAPTURE_AUTORELEASING = YES;
				CLANG_WARN_BOOL_CONVERSION = YES;
				CLANG_WARN_COMMA = YES;
				CLANG_WARN_CONSTANT_CONVERSION = YES;
				CLANG_WARN_DEPRECATED_OBJC_IMPLEMENTATIONS = YES;
				CLANG_WARN_DIRECT_OBJC_ISA_USAGE = YES_ERROR;
				CLANG_WARN_DOCUMENTATION_COMMENTS = YES;
				CLANG_WARN_EMPTY_BODY = YES;
				CLANG_WARN_ENUM_CONVERSION = YES;
				CLANG_WARN_INFINITE_RECURSION = YES;
				CLANG_WARN_INT_CONVERSION = YES;
				CLANG_WARN_NON_LITERAL_NULL_CONVERSION = YES;
				CLANG_WARN_OBJC_IMPLICIT_RETAIN_SELF = YES;
				CLANG_WARN_OBJC_LITERAL_CONVERSION = YES;
				CLANG_WARN_OBJC_ROOT_CLASS = YES_ERROR;
				CLANG_WARN_RANGE_LOOP_ANALYSIS = YES;
				CLANG_WARN_STRICT_PROTOTYPES = YES;
				CLANG_WARN_SUSPICIOUS_MOVE = YES;
				CLANG_WARN_UNGUARDED_AVAILABILITY = YES_AGGRESSIVE;
				CLANG_WARN_UNREACHABLE_CODE = YES;
				CLANG_WARN__DUPLICATE_METHOD_MATCH = YES;
				COPY_PHASE_STRIP = NO;
				DEBUG_INFORMATION_FORMAT = dwarf;
				ENABLE_STRICT_OBJC_MSGSEND = YES;
				ENABLE_TESTABILITY = YES;
				GCC_C_LANGUAGE_STANDARD = gnu11;
				GCC_DYNAMIC_NO_PIC = NO;
				GCC_NO_COMMON_BLOCKS = YES;
				GCC_OPTIMIZATION_LEVEL = 0;
				GCC_PREPROCESSOR_DEFINITIONS = (
					"DEBUG=1",
					"$(inherited)",
				);
				GCC_WARN_64_TO_32_BIT_CONVERSION = YES;
				GCC_WARN_ABOUT_RETURN_TYPE = YES_ERROR;
				GCC_WARN_UNDECLARED_SELECTOR = YES;
				GCC_WARN_UNINITIALIZED_AUTOS = YES_AGGRESSIVE;
				GCC_WARN_UNUSED_FUNCTION = YES;
				GCC_WARN_UNUSED_VARIABLE = YES;
				IPHONEOS_DEPLOYMENT_TARGET = 13.0;
				MTL_ENABLE_DEBUG_INFO = INCLUDE_SOURCE;
				MTL_FAST_MATH = YES;
				ONLY_ACTIVE_ARCH = YES;
				SDKROOT = iphoneos;
				SWIFT_ACTIVE_COMPILATION_CONDITIONS = DEBUG;
				SWIFT_OPTIMIZATION_LEVEL = "-Onone";
			};
			name = Debug;
		};
		834CA40922EFB2C100419A3D /* Release */ = {
			isa = XCBuildConfiguration;
			buildSettings = {
				ALWAYS_SEARCH_USER_PATHS = NO;
				CLANG_ANALYZER_NONNULL = YES;
				CLANG_ANALYZER_NUMBER_OBJECT_CONVERSION = YES_AGGRESSIVE;
				CLANG_CXX_LANGUAGE_STANDARD = "gnu++14";
				CLANG_CXX_LIBRARY = "libc++";
				CLANG_ENABLE_MODULES = YES;
				CLANG_ENABLE_OBJC_ARC = YES;
				CLANG_ENABLE_OBJC_WEAK = YES;
				CLANG_WARN_BLOCK_CAPTURE_AUTORELEASING = YES;
				CLANG_WARN_BOOL_CONVERSION = YES;
				CLANG_WARN_COMMA = YES;
				CLANG_WARN_CONSTANT_CONVERSION = YES;
				CLANG_WARN_DEPRECATED_OBJC_IMPLEMENTATIONS = YES;
				CLANG_WARN_DIRECT_OBJC_ISA_USAGE = YES_ERROR;
				CLANG_WARN_DOCUMENTATION_COMMENTS = YES;
				CLANG_WARN_EMPTY_BODY = YES;
				CLANG_WARN_ENUM_CONVERSION = YES;
				CLANG_WARN_INFINITE_RECURSION = YES;
				CLANG_WARN_INT_CONVERSION = YES;
				CLANG_WARN_NON_LITERAL_NULL_CONVERSION = YES;
				CLANG_WARN_OBJC_IMPLICIT_RETAIN_SELF = YES;
				CLANG_WARN_OBJC_LITERAL_CONVERSION = YES;
				CLANG_WARN_OBJC_ROOT_CLASS = YES_ERROR;
				CLANG_WARN_RANGE_LOOP_ANALYSIS = YES;
				CLANG_WARN_STRICT_PROTOTYPES = YES;
				CLANG_WARN_SUSPICIOUS_MOVE = YES;
				CLANG_WARN_UNGUARDED_AVAILABILITY = YES_AGGRESSIVE;
				CLANG_WARN_UNREACHABLE_CODE = YES;
				CLANG_WARN__DUPLICATE_METHOD_MATCH = YES;
				COPY_PHASE_STRIP = NO;
				DEBUG_INFORMATION_FORMAT = "dwarf-with-dsym";
				ENABLE_NS_ASSERTIONS = NO;
				ENABLE_STRICT_OBJC_MSGSEND = YES;
				GCC_C_LANGUAGE_STANDARD = gnu11;
				GCC_NO_COMMON_BLOCKS = YES;
				GCC_WARN_64_TO_32_BIT_CONVERSION = YES;
				GCC_WARN_ABOUT_RETURN_TYPE = YES_ERROR;
				GCC_WARN_UNDECLARED_SELECTOR = YES;
				GCC_WARN_UNINITIALIZED_AUTOS = YES_AGGRESSIVE;
				GCC_WARN_UNUSED_FUNCTION = YES;
				GCC_WARN_UNUSED_VARIABLE = YES;
				IPHONEOS_DEPLOYMENT_TARGET = 13.0;
				MTL_ENABLE_DEBUG_INFO = NO;
				MTL_FAST_MATH = YES;
				SDKROOT = iphoneos;
				SWIFT_COMPILATION_MODE = wholemodule;
				SWIFT_OPTIMIZATION_LEVEL = "-O";
				VALIDATE_PRODUCT = YES;
			};
			name = Release;
		};
		834CA40B22EFB2C100419A3D /* Debug */ = {
			isa = XCBuildConfiguration;
			baseConfigurationReference = 5421ED2A7078982F1CAC201F /* Pods-KaraokeBar.debug.xcconfig */;
			buildSettings = {
				ASSETCATALOG_COMPILER_APPICON_NAME = AppIcon;
				CODE_SIGN_STYLE = Automatic;
				DEVELOPMENT_ASSET_PATHS = "KaraokeBar/Preview\\ Content";
				ENABLE_PREVIEWS = YES;
				INFOPLIST_FILE = KaraokeBar/Info.plist;
				IPHONEOS_DEPLOYMENT_TARGET = 10.3;
				LD_RUNPATH_SEARCH_PATHS = (
					"$(inherited)",
					"@executable_path/Frameworks",
				);
				PRODUCT_BUNDLE_IDENTIFIER = vostoredevelopper.KaraokeBar;
				PRODUCT_NAME = "$(TARGET_NAME)";
				SWIFT_VERSION = 5.0;
				TARGETED_DEVICE_FAMILY = "1,2";
			};
			name = Debug;
		};
		834CA40C22EFB2C100419A3D /* Release */ = {
			isa = XCBuildConfiguration;
			baseConfigurationReference = 07039110DE268B8F2ADFA9D1 /* Pods-KaraokeBar.release.xcconfig */;
			buildSettings = {
				ASSETCATALOG_COMPILER_APPICON_NAME = AppIcon;
				CODE_SIGN_STYLE = Automatic;
				DEVELOPMENT_ASSET_PATHS = "KaraokeBar/Preview\\ Content";
				ENABLE_PREVIEWS = YES;
				INFOPLIST_FILE = KaraokeBar/Info.plist;
				IPHONEOS_DEPLOYMENT_TARGET = 10.3;
				LD_RUNPATH_SEARCH_PATHS = (
					"$(inherited)",
					"@executable_path/Frameworks",
				);
				PRODUCT_BUNDLE_IDENTIFIER = vostoredevelopper.KaraokeBar;
				PRODUCT_NAME = "$(TARGET_NAME)";
				SWIFT_VERSION = 5.0;
				TARGETED_DEVICE_FAMILY = "1,2";
			};
			name = Release;
		};
		834CA41122EFB2C100419A3D /* Debug */ = {
			isa = XCBuildConfiguration;
			baseConfigurationReference = 057EC16CF3446C4766F3F8EF /* Pods-KaraokeBarUITests.debug.xcconfig */;
			buildSettings = {
				ALWAYS_EMBED_SWIFT_STANDARD_LIBRARIES = YES;
				CODE_SIGN_STYLE = Automatic;
				INFOPLIST_FILE = KaraokeBarUITests/Info.plist;
				LD_RUNPATH_SEARCH_PATHS = (
					"$(inherited)",
					"@executable_path/Frameworks",
					"@loader_path/Frameworks",
				);
				PRODUCT_BUNDLE_IDENTIFIER = vostoredevelopper.KaraokeBarUITests;
				PRODUCT_NAME = "$(TARGET_NAME)";
				SWIFT_VERSION = 5.0;
				TARGETED_DEVICE_FAMILY = "1,2";
				TEST_TARGET_NAME = KaraokeBar;
			};
			name = Debug;
		};
		834CA41222EFB2C100419A3D /* Release */ = {
			isa = XCBuildConfiguration;
			baseConfigurationReference = 79E37D927EAF0C88EA1E7D74 /* Pods-KaraokeBarUITests.release.xcconfig */;
			buildSettings = {
				ALWAYS_EMBED_SWIFT_STANDARD_LIBRARIES = YES;
				CODE_SIGN_STYLE = Automatic;
				INFOPLIST_FILE = KaraokeBarUITests/Info.plist;
				LD_RUNPATH_SEARCH_PATHS = (
					"$(inherited)",
					"@executable_path/Frameworks",
					"@loader_path/Frameworks",
				);
				PRODUCT_BUNDLE_IDENTIFIER = vostoredevelopper.KaraokeBarUITests;
				PRODUCT_NAME = "$(TARGET_NAME)";
				SWIFT_VERSION = 5.0;
				TARGETED_DEVICE_FAMILY = "1,2";
				TEST_TARGET_NAME = KaraokeBar;
			};
			name = Release;
		};
/* End XCBuildConfiguration section */

/* Begin XCConfigurationList section */
		834CA3DB22EFB2B200419A3D /* Build configuration list for PBXProject "KaraokeBar" */ = {
			isa = XCConfigurationList;
			buildConfigurations = (
				834CA40822EFB2C100419A3D /* Debug */,
				834CA40922EFB2C100419A3D /* Release */,
			);
			defaultConfigurationIsVisible = 0;
			defaultConfigurationName = Release;
		};
		834CA40A22EFB2C100419A3D /* Build configuration list for PBXNativeTarget "KaraokeBar" */ = {
			isa = XCConfigurationList;
			buildConfigurations = (
				834CA40B22EFB2C100419A3D /* Debug */,
				834CA40C22EFB2C100419A3D /* Release */,
			);
			defaultConfigurationIsVisible = 0;
			defaultConfigurationName = Release;
		};
		834CA41022EFB2C100419A3D /* Build configuration list for PBXNativeTarget "KaraokeBarUITests" */ = {
			isa = XCConfigurationList;
			buildConfigurations = (
				834CA41122EFB2C100419A3D /* Debug */,
				834CA41222EFB2C100419A3D /* Release */,
			);
			defaultConfigurationIsVisible = 0;
			defaultConfigurationName = Release;
		};
/* End XCConfigurationList section */
	};
	rootObject = 834CA3D822EFB2B200419A3D /* Project object */;
}
